
Microsoft Visual Studio Solution File, Format Version 11.00
# Visual Studio 2010
Project("{F184B08F-C81C-45F6-A57F-5ABD9991F28F}") = "Common", "Common\Common.vbproj", "{32E38566-D2A6-4146-9356-E77AC00C4AD1}"
	ProjectSection(ProjectDependencies) = postProject
		{1394C62F-EE03-45FB-925B-BD595C126941} = {1394C62F-EE03-45FB-925B-BD595C126941}
	EndProjectSection
EndProject
Project("{F184B08F-C81C-45F6-A57F-5ABD9991F28F}") = "BaseControl", "BaseControl\BaseControl.vbproj", "{964525A9-74EE-4A2E-BA06-B5F5CCE977AD}"
	ProjectSection(ProjectDependencies) = postProject
		{1394C62F-EE03-45FB-925B-BD595C126941} = {1394C62F-EE03-45FB-925B-BD595C126941}
	EndProjectSection
EndProject
Project("{F184B08F-C81C-45F6-A57F-5ABD9991F28F}") = "PracticeStudent_Trial", "PracticeStudent_Trial\PracticeStudent_Trial.vbproj", "{E5AC435D-5AEC-4792-85B5-147546226EB6}"
	ProjectSection(ProjectDependencies) = postProject
		{1394C62F-EE03-45FB-925B-BD595C126941} = {1394C62F-EE03-45FB-925B-BD595C126941}
	EndProjectSection
EndProject
Project("{54435603-DBB4-11D2-8724-00A0C9A8B90C}") = "SetupStudent_Trial", "SetupStudent_Trial\SetupStudent_Trial.vdproj", "{DE862CC8-45A3-4EE6-B12E-DBFCEE6A606C}"
EndProject
Project("{F184B08F-C81C-45F6-A57F-5ABD9991F28F}") = "CBTCommon", "..\CBTCommon\CBTCommon.vbproj", "{1394C62F-EE03-45FB-925B-BD595C126941}"
EndProject
Project("{F184B08F-C81C-45F6-A57F-5ABD9991F28F}") = "GroupManager", "GroupManager\GroupManager.vbproj", "{960D2A20-84A6-4560-8511-6D734F6A00CC}"
EndProject
Project("{F184B08F-C81C-45F6-A57F-5ABD9991F28F}") = "SystemManager", "SystemManager\SystemManager.vbproj", "{F635C016-2A34-4ED8-8480-017394A638C2}"
EndProject
Project("{54435603-DBB4-11D2-8724-00A0C9A8B90C}") = "setupSystemManager", "setupSystemManager\setupSystemManager.vdproj", "{1DF77035-447A-44F2-A7F1-3A051162DBFF}"
EndProject
Project("{F184B08F-C81C-45F6-A57F-5ABD9991F28F}") = "PracticeQuestionShow", "PracticeQuestionShow\PracticeQuestionShow.vbproj", "{482DDB2A-1302-4D5F-80BC-75059FEF2F5A}"
EndProject
Project("{F184B08F-C81C-45F6-A57F-5ABD9991F28F}") = "QuestionShow", "QuestionShow\QuestionShow.vbproj", "{FAD19426-068A-438B-A55C-31AF1852E0A8}"
EndProject
Global
	GlobalSection(SolutionConfigurationPlatforms) = preSolution
		Debug|Any CPU = Debug|Any CPU
		Debug|Mixed Platforms = Debug|Mixed Platforms
		Debug|x86 = Debug|x86
		Release|Any CPU = Release|Any CPU
		Release|Mixed Platforms = Release|Mixed Platforms
		Release|x86 = Release|x86
	EndGlobalSection
	GlobalSection(ProjectConfigurationPlatforms) = postSolution
		{32E38566-D2A6-4146-9356-E77AC00C4AD1}.Debug|Any CPU.ActiveCfg = Debug|x86
		{32E38566-D2A6-4146-9356-E77AC00C4AD1}.Debug|Mixed Platforms.ActiveCfg = Debug|x86
		{32E38566-D2A6-4146-9356-E77AC00C4AD1}.Debug|Mixed Platforms.Build.0 = Debug|x86
		{32E38566-D2A6-4146-9356-E77AC00C4AD1}.Debug|x86.ActiveCfg = Debug|x86
		{32E38566-D2A6-4146-9356-E77AC00C4AD1}.Debug|x86.Build.0 = Debug|x86
		{32E38566-D2A6-4146-9356-E77AC00C4AD1}.Release|Any CPU.ActiveCfg = Release|x86
		{32E38566-D2A6-4146-9356-E77AC00C4AD1}.Release|Mixed Platforms.ActiveCfg = Release|x86
		{32E38566-D2A6-4146-9356-E77AC00C4AD1}.Release|Mixed Platforms.Build.0 = Release|x86
		{32E38566-D2A6-4146-9356-E77AC00C4AD1}.Release|x86.ActiveCfg = Release|x86
		{32E38566-D2A6-4146-9356-E77AC00C4AD1}.Release|x86.Build.0 = Release|x86
		{964525A9-74EE-4A2E-BA06-B5F5CCE977AD}.Debug|Any CPU.ActiveCfg = Debug|x86
		{964525A9-74EE-4A2E-BA06-B5F5CCE977AD}.Debug|Mixed Platforms.ActiveCfg = Debug|x86
		{964525A9-74EE-4A2E-BA06-B5F5CCE977AD}.Debug|Mixed Platforms.Build.0 = Debug|x86
		{964525A9-74EE-4A2E-BA06-B5F5CCE977AD}.Debug|x86.ActiveCfg = Debug|x86
		{964525A9-74EE-4A2E-BA06-B5F5CCE977AD}.Debug|x86.Build.0 = Debug|x86
		{964525A9-74EE-4A2E-BA06-B5F5CCE977AD}.Release|Any CPU.ActiveCfg = Release|x86
		{964525A9-74EE-4A2E-BA06-B5F5CCE977AD}.Release|Mixed Platforms.ActiveCfg = Release|x86
		{964525A9-74EE-4A2E-BA06-B5F5CCE977AD}.Release|Mixed Platforms.Build.0 = Release|x86
		{964525A9-74EE-4A2E-BA06-B5F5CCE977AD}.Release|x86.ActiveCfg = Release|x86
		{964525A9-74EE-4A2E-BA06-B5F5CCE977AD}.Release|x86.Build.0 = Release|x86
		{E5AC435D-5AEC-4792-85B5-147546226EB6}.Debug|Any CPU.ActiveCfg = Debug|x86
		{E5AC435D-5AEC-4792-85B5-147546226EB6}.Debug|Mixed Platforms.ActiveCfg = Debug|x86
		{E5AC435D-5AEC-4792-85B5-147546226EB6}.Debug|Mixed Platforms.Build.0 = Debug|x86
		{E5AC435D-5AEC-4792-85B5-147546226EB6}.Debug|x86.ActiveCfg = Debug|x86
		{E5AC435D-5AEC-4792-85B5-147546226EB6}.Debug|x86.Build.0 = Debug|x86
		{E5AC435D-5AEC-4792-85B5-147546226EB6}.Release|Any CPU.ActiveCfg = Release|x86
		{E5AC435D-5AEC-4792-85B5-147546226EB6}.Release|Mixed Platforms.ActiveCfg = Release|x86
		{E5AC435D-5AEC-4792-85B5-147546226EB6}.Release|Mixed Platforms.Build.0 = Release|x86
		{E5AC435D-5AEC-4792-85B5-147546226EB6}.Release|x86.ActiveCfg = Release|x86
		{E5AC435D-5AEC-4792-85B5-147546226EB6}.Release|x86.Build.0 = Release|x86
		{DE862CC8-45A3-4EE6-B12E-DBFCEE6A606C}.Debug|Any CPU.ActiveCfg = Debug
		{DE862CC8-45A3-4EE6-B12E-DBFCEE6A606C}.Debug|Mixed Platforms.ActiveCfg = Debug
		{DE862CC8-45A3-4EE6-B12E-DBFCEE6A606C}.Debug|x86.ActiveCfg = Debug
		{DE862CC8-45A3-4EE6-B12E-DBFCEE6A606C}.Release|Any CPU.ActiveCfg = Release
		{DE862CC8-45A3-4EE6-B12E-DBFCEE6A606C}.Release|Mixed Platforms.ActiveCfg = Release
		{DE862CC8-45A3-4EE6-B12E-DBFCEE6A606C}.Release|x86.ActiveCfg = Release
		{1394C62F-EE03-45FB-925B-BD595C126941}.Debug|Any CPU.ActiveCfg = Debug|Any CPU
		{1394C62F-EE03-45FB-925B-BD595C126941}.Debug|Any CPU.Build.0 = Debug|Any CPU
		{1394C62F-EE03-45FB-925B-BD595C126941}.Debug|Mixed Platforms.ActiveCfg = Debug|Any CPU
		{1394C62F-EE03-45FB-925B-BD595C126941}.Debug|Mixed Platforms.Build.0 = Debug|Any CPU
		{1394C62F-EE03-45FB-925B-BD595C126941}.Debug|x86.ActiveCfg = Debug|Any CPU
		{1394C62F-EE03-45FB-925B-BD595C126941}.Release|Any CPU.ActiveCfg = Release|Any CPU
		{1394C62F-EE03-45FB-925B-BD595C126941}.Release|Any CPU.Build.0 = Release|Any CPU
		{1394C62F-EE03-45FB-925B-BD595C126941}.Release|Mixed Platforms.ActiveCfg = Release|Any CPU
		{1394C62F-EE03-45FB-925B-BD595C126941}.Release|Mixed Platforms.Build.0 = Release|Any CPU
		{1394C62F-EE03-45FB-925B-BD595C126941}.Release|x86.ActiveCfg = Release|Any CPU
		{960D2A20-84A6-4560-8511-6D734F6A00CC}.Debug|Any CPU.ActiveCfg = Debug|x86
		{960D2A20-84A6-4560-8511-6D734F6A00CC}.Debug|Mixed Platforms.ActiveCfg = Debug|x86
		{960D2A20-84A6-4560-8511-6D734F6A00CC}.Debug|Mixed Platforms.Build.0 = Debug|x86
		{960D2A20-84A6-4560-8511-6D734F6A00CC}.Debug|x86.ActiveCfg = Debug|x86
		{960D2A20-84A6-4560-8511-6D734F6A00CC}.Debug|x86.Build.0 = Debug|x86
		{960D2A20-84A6-4560-8511-6D734F6A00CC}.Release|Any CPU.ActiveCfg = Release|x86
		{960D2A20-84A6-4560-8511-6D734F6A00CC}.Release|Mixed Platforms.ActiveCfg = Release|x86
		{960D2A20-84A6-4560-8511-6D734F6A00CC}.Release|Mixed Platforms.Build.0 = Release|x86
		{960D2A20-84A6-4560-8511-6D734F6A00CC}.Release|x86.ActiveCfg = Release|x86
		{960D2A20-84A6-4560-8511-6D734F6A00CC}.Release|x86.Build.0 = Release|x86
		{F635C016-2A34-4ED8-8480-017394A638C2}.Debug|Any CPU.ActiveCfg = Debug|x86
		{F635C016-2A34-4ED8-8480-017394A638C2}.Debug|Mixed Platforms.ActiveCfg = Debug|x86
		{F635C016-2A34-4ED8-8480-017394A638C2}.Debug|Mixed Platforms.Build.0 = Debug|x86
		{F635C016-2A34-4ED8-8480-017394A638C2}.Debug|x86.ActiveCfg = Debug|x86
		{F635C016-2A34-4ED8-8480-017394A638C2}.Debug|x86.Build.0 = Debug|x86
		{F635C016-2A34-4ED8-8480-017394A638C2}.Release|Any CPU.ActiveCfg = Release|x86
		{F635C016-2A34-4ED8-8480-017394A638C2}.Release|Mixed Platforms.ActiveCfg = Release|x86
		{F635C016-2A34-4ED8-8480-017394A638C2}.Release|Mixed Platforms.Build.0 = Release|x86
		{F635C016-2A34-4ED8-8480-017394A638C2}.Release|x86.ActiveCfg = Release|x86
		{F635C016-2A34-4ED8-8480-017394A638C2}.Release|x86.Build.0 = Release|x86
		{1DF77035-447A-44F2-A7F1-3A051162DBFF}.Debug|Any CPU.ActiveCfg = Debug
		{1DF77035-447A-44F2-A7F1-3A051162DBFF}.Debug|Any CPU.Build.0 = Debug
		{1DF77035-447A-44F2-A7F1-3A051162DBFF}.Debug|Mixed Platforms.ActiveCfg = Debug
		{1DF77035-447A-44F2-A7F1-3A051162DBFF}.Debug|Mixed Platforms.Build.0 = Debug
		{1DF77035-447A-44F2-A7F1-3A051162DBFF}.Debug|x86.ActiveCfg = Debug
		{1DF77035-447A-44F2-A7F1-3A051162DBFF}.Debug|x86.Build.0 = Debug
		{1DF77035-447A-44F2-A7F1-3A051162DBFF}.Release|Any CPU.ActiveCfg = Release
		{1DF77035-447A-44F2-A7F1-3A051162DBFF}.Release|Any CPU.Build.0 = Release
		{1DF77035-447A-44F2-A7F1-3A051162DBFF}.Release|Mixed Platforms.ActiveCfg = Release
		{1DF77035-447A-44F2-A7F1-3A051162DBFF}.Release|Mixed Platforms.Build.0 = Release
		{1DF77035-447A-44F2-A7F1-3A051162DBFF}.Release|x86.ActiveCfg = Release
		{1DF77035-447A-44F2-A7F1-3A051162DBFF}.Release|x86.Build.0 = Release
		{482DDB2A-1302-4D5F-80BC-75059FEF2F5A}.Debug|Any CPU.ActiveCfg = Debug|x86
		{482DDB2A-1302-4D5F-80BC-75059FEF2F5A}.Debug|Mixed Platforms.ActiveCfg = Debug|x86
		{482DDB2A-1302-4D5F-80BC-75059FEF2F5A}.Debug|Mixed Platforms.Build.0 = Debug|x86
		{482DDB2A-1302-4D5F-80BC-75059FEF2F5A}.Debug|x86.ActiveCfg = Debug|x86
		{482DDB2A-1302-4D5F-80BC-75059FEF2F5A}.Debug|x86.Build.0 = Debug|x86
		{482DDB2A-1302-4D5F-80BC-75059FEF2F5A}.Release|Any CPU.ActiveCfg = Release|x86
		{482DDB2A-1302-4D5F-80BC-75059FEF2F5A}.Release|Mixed Platforms.ActiveCfg = Release|x86
		{482DDB2A-1302-4D5F-80BC-75059FEF2F5A}.Release|Mixed Platforms.Build.0 = Release|x86
		{482DDB2A-1302-4D5F-80BC-75059FEF2F5A}.Release|x86.ActiveCfg = Release|x86
		{482DDB2A-1302-4D5F-80BC-75059FEF2F5A}.Release|x86.Build.0 = Release|x86
		{FAD19426-068A-438B-A55C-31AF1852E0A8}.Debug|Any CPU.ActiveCfg = Debug|x86
		{FAD19426-068A-438B-A55C-31AF1852E0A8}.Debug|Mixed Platforms.ActiveCfg = Debug|x86
		{FAD19426-068A-438B-A55C-31AF1852E0A8}.Debug|Mixed Platforms.Build.0 = Debug|x86
		{FAD19426-068A-438B-A55C-31AF1852E0A8}.Debug|x86.ActiveCfg = Debug|x86
		{FAD19426-068A-438B-A55C-31AF1852E0A8}.Debug|x86.Build.0 = Debug|x86
		{FAD19426-068A-438B-A55C-31AF1852E0A8}.Release|Any CPU.ActiveCfg = Release|x86
		{FAD19426-068A-438B-A55C-31AF1852E0A8}.Release|Mixed Platforms.ActiveCfg = Release|x86
		{FAD19426-068A-438B-A55C-31AF1852E0A8}.Release|Mixed Platforms.Build.0 = Release|x86
		{FAD19426-068A-438B-A55C-31AF1852E0A8}.Release|x86.ActiveCfg = Release|x86
		{FAD19426-068A-438B-A55C-31AF1852E0A8}.Release|x86.Build.0 = Release|x86
	EndGlobalSection
	GlobalSection(SolutionProperties) = preSolution
		HideSolutionNode = FALSE
	EndGlobalSection
EndGlobal
